<?xml version="1.0" encoding="utf-8"?>
<Project ToolsVersion="4.0" xmlns="http://schemas.microsoft.com/developer/msbuild/2003">
  <ItemGroup>
    <Filter Include="Source Files">
      <UniqueIdentifier>{4FC737F1-C7A5-4376-A066-2A32D752A2FF}</UniqueIdentifier>
      <Extensions>cpp;c;cc;cxx;def;odl;idl;hpj;bat;asm;asmx</Extensions>
    </Filter>
    <Filter Include="Header Files">
      <UniqueIdentifier>{93995380-89BD-4b04-88EB-625FBE52EBFB}</UniqueIdentifier>
      <Extensions>h;hpp;hxx;hm;inl;inc;xsd</Extensions>
    </Filter>
    <Filter Include="Resource Files">
      <UniqueIdentifier>{67DA6AB6-F800-4c08-8B7A-83BB121AAD01}</UniqueIdentifier>
      <Extensions>rc;ico;cur;bmp;dlg;rc2;rct;bin;rgs;gif;jpg;jpeg;jpe;resx;tiff;tif;png;wav;mfcribbon-ms</Extensions>
    </Filter>
    <Filter Include="Header Files\Utility">
      <UniqueIdentifier>{04711bba-68b4-4533-a29f-3465cb50144d}</UniqueIdentifier>
    </Filter>
    <Filter Include="Header Files\Game">
      <UniqueIdentifier>{7002e0c2-9f30-41c0-bddb-7c8d643d4fa5}</UniqueIdentifier>
    </Filter>
    <Filter Include="Header Files\Graphics">
      <UniqueIdentifier>{92179190-d062-4b98-8fdc-be62044fd669}</UniqueIdentifier>
    </Filter>
    <Filter Include="Source Files\Graphics">
      <UniqueIdentifier>{087eeeb6-a1e6-4b05-a9b4-57585b174dca}</UniqueIdentifier>
    </Filter>
    <Filter Include="Source Files\Game">
      <UniqueIdentifier>{5df2e082-4833-4bcd-92dc-74a3046875eb}</UniqueIdentifier>
    </Filter>
    <Filter Include="Source Files\Utility">
      <UniqueIdentifier>{4801c9f7-bb29-487b-b5c8-f197ce479796}</UniqueIdentifier>
    </Filter>
    <Filter Include="Header Files\Math">
      <UniqueIdentifier>{313a29be-6f77-4e73-929b-5ec7a570e454}</UniqueIdentifier>
    </Filter>
    <Filter Include="Source Files\Math">
      <UniqueIdentifier>{148b31b8-22bc-4389-9ebe-d48e785224aa}</UniqueIdentifier>
    </Filter>
    <Filter Include="Source Files\Game\Managers">
      <UniqueIdentifier>{44a412a0-2868-4431-a030-28d571dcf4bd}</UniqueIdentifier>
    </Filter>
    <Filter Include="Header Files\Game\Managers">
      <UniqueIdentifier>{97c780b6-7cee-4d36-83f2-f43d68c29e9b}</UniqueIdentifier>
    </Filter>
    <Filter Include="Source Files\UI">
      <UniqueIdentifier>{8112da64-6bb7-47a4-aa8f-0e2733ca68a2}</UniqueIdentifier>
    </Filter>
    <Filter Include="Header Files\Application">
      <UniqueIdentifier>{2f41a72c-de7a-43de-97cf-20c60dc98254}</UniqueIdentifier>
    </Filter>
    <Filter Include="Source Files\Application">
      <UniqueIdentifier>{fbf144ad-a811-4593-846b-df4eac59871b}</UniqueIdentifier>
    </Filter>
    <Filter Include="Header Files\UI">
      <UniqueIdentifier>{3775a00d-a735-474c-b8b6-890221d37c99}</UniqueIdentifier>
    </Filter>
    <Filter Include="Source Files\UI\Decorators">
      <UniqueIdentifier>{754375cc-26f0-4873-847d-74075460e7b2}</UniqueIdentifier>
    </Filter>
  </ItemGroup>
  <ItemGroup>
    <ClInclude Include="VertexList.h">
      <Filter>Header Files\Utility</Filter>
    </ClInclude>
    <ClInclude Include="IndexList.h">
      <Filter>Header Files\Utility</Filter>
    </ClInclude>
    <ClInclude Include="IOCContainer.h">
      <Filter>Header Files\Utility</Filter>
    </ClInclude>
    <ClInclude Include="IntrusiveLinkedList.h">
      <Filter>Header Files\Utility</Filter>
    </ClInclude>
    <ClInclude Include="GnUtilities.h">
      <Filter>Header Files\Utility</Filter>
    </ClInclude>
    <ClInclude Include="Component.h">
      <Filter>Header Files\Game</Filter>
    </ClInclude>
    <ClInclude Include="Entity.h">
      <Filter>Header Files\Game</Filter>
    </ClInclude>
    <ClInclude Include="Vector.h">
      <Filter>Header Files\Math</Filter>
    </ClInclude>
    <ClInclude Include="DrawBuffer.h">
      <Filter>Header Files\Graphics</Filter>
    </ClInclude>
    <ClInclude Include="Rect.h">
      <Filter>Header Files\Math</Filter>
    </ClInclude>
    <ClInclude Include="Matrix.h">
      <Filter>Header Files\Math</Filter>
    </ClInclude>
    <ClInclude Include="Renderer.h">
      <Filter>Header Files\Graphics</Filter>
    </ClInclude>
    <ClInclude Include="StringTable.h">
      <Filter>Header Files\Utility</Filter>
    </ClInclude>
    <ClInclude Include="AssetManager.h">
      <Filter>Header Files\Utility</Filter>
    </ClInclude>
    <ClInclude Include="ShaderManager.h">
      <Filter>Header Files\Graphics</Filter>
    </ClInclude>
    <ClInclude Include="RenderThread.h">
      <Filter>Header Files\Graphics</Filter>
    </ClInclude>
    <ClInclude Include="DrawObjects.h">
      <Filter>Header Files\Graphics</Filter>
    </ClInclude>
    <ClInclude Include="GameMath.h">
      <Filter>Header Files\Math</Filter>
    </ClInclude>
    <ClInclude Include="CoreComponents.h">
      <Filter>Header Files\Game</Filter>
    </ClInclude>
    <ClInclude Include="RenderManager.h">
      <Filter>Header Files\Game\Managers</Filter>
    </ClInclude>
    <ClInclude Include="ComponentHelpers.h">
      <Filter>Header Files\Game</Filter>
    </ClInclude>
    <ClInclude Include="PagedAllocator.h">
      <Filter>Header Files\Utility</Filter>
    </ClInclude>
    <ClInclude Include="Application.h">
      <Filter>Header Files\Application</Filter>
    </ClInclude>
    <ClInclude Include="GLWindow.h">
      <Filter>Header Files\Application</Filter>
    </ClInclude>
    <ClInclude Include="MouseHandler.h">
      <Filter>Header Files\Application</Filter>
    </ClInclude>
    <ClInclude Include="MouseEvent.h">
      <Filter>Header Files\Application</Filter>
    </ClInclude>
    <ClInclude Include="ObjectHash.h">
      <Filter>Header Files\Utility</Filter>
    </ClInclude>
    <ClInclude Include="UIElement.h">
      <Filter>Header Files\UI</Filter>
    </ClInclude>
    <ClInclude Include="CoreUI.h">
      <Filter>Header Files\UI</Filter>
    </ClInclude>
    <ClInclude Include="InputDefinitions.h">
      <Filter>Header Files\Application</Filter>
    </ClInclude>
    <ClInclude Include="UIOptions.h">
      <Filter>Header Files\UI</Filter>
    </ClInclude>
    <ClInclude Include="Color.h">
      <Filter>Header Files\Math</Filter>
    </ClInclude>
    <ClInclude Include="GameHelpers.h">
      <Filter>Header Files\Game</Filter>
    </ClInclude>
    <ClInclude Include="UIDecorator.h">
      <Filter>Header Files\UI</Filter>
    </ClInclude>
    <ClInclude Include="UISubsystem.h">
      <Filter>Header Files\UI</Filter>
    </ClInclude>
    <ClInclude Include="Text.h">
      <Filter>Header Files\Graphics</Filter>
    </ClInclude>
    <ClInclude Include="Texture.h">
      <Filter>Header Files\Graphics</Filter>
    </ClInclude>
    <ClInclude Include="TextureManager.h">
      <Filter>Header Files\Graphics</Filter>
    </ClInclude>
    <ClInclude Include="Dialog.h">
      <Filter>Header Files\UI</Filter>
    </ClInclude>
    <ClInclude Include="Tool.h">
      <Filter>Header Files\Application</Filter>
    </ClInclude>
    <ClInclude Include="PartitionManager.h">
      <Filter>Header Files\Game\Managers</Filter>
    </ClInclude>
    <ClInclude Include="KeyHandler.h">
      <Filter>Header Files\Application</Filter>
    </ClInclude>
    <ClInclude Include="MatrixManager.h">
      <Filter>Header Files\Game\Managers</Filter>
    </ClInclude>
    <ClInclude Include="TypeInfo.h">
      <Filter>Header Files\Utility</Filter>
    </ClInclude>
    <ClInclude Include="Skeletal.h">
      <Filter>Header Files\Game</Filter>
    </ClInclude>
    <ClInclude Include="SeanSort.h">
      <Filter>Header Files\Utility</Filter>
    </ClInclude>
  </ItemGroup>
  <ItemGroup>
    <ClCompile Include="Entity.cpp">
      <Filter>Source Files\Game</Filter>
    </ClCompile>
    <ClCompile Include="Component.cpp">
      <Filter>Source Files\Game</Filter>
    </ClCompile>
    <ClCompile Include="VertexList.cpp">
      <Filter>Source Files\Utility</Filter>
    </ClCompile>
    <ClCompile Include="IndexList.cpp">
      <Filter>Source Files\Utility</Filter>
    </ClCompile>
    <ClCompile Include="Renderer.cpp">
      <Filter>Source Files\Graphics</Filter>
    </ClCompile>
    <ClCompile Include="AssetManager.cpp">
      <Filter>Source Files\Utility</Filter>
    </ClCompile>
    <ClCompile Include="ShaderManager.cpp">
      <Filter>Source Files\Graphics</Filter>
    </ClCompile>
    <ClCompile Include="RenderThread.cpp">
      <Filter>Source Files\Graphics</Filter>
    </ClCompile>
    <ClCompile Include="Matrix.cpp">
      <Filter>Source Files\Math</Filter>
    </ClCompile>
    <ClCompile Include="DrawObjects.cpp">
      <Filter>Source Files\Graphics</Filter>
    </ClCompile>
    <ClCompile Include="GameMath.cpp">
      <Filter>Source Files\Math</Filter>
    </ClCompile>
    <ClCompile Include="CoreComponents.cpp">
      <Filter>Source Files\Game</Filter>
    </ClCompile>
    <ClCompile Include="RenderManager.cpp">
      <Filter>Source Files\Game\Managers</Filter>
    </ClCompile>
    <ClCompile Include="ComponentHelpers.cpp">
      <Filter>Source Files\Game</Filter>
    </ClCompile>
    <ClCompile Include="PagedAllocator.cpp">
      <Filter>Source Files\Utility</Filter>
    </ClCompile>
    <ClCompile Include="Application.cpp">
      <Filter>Source Files\Application</Filter>
    </ClCompile>
    <ClCompile Include="GLWindow.cpp">
      <Filter>Source Files\Application</Filter>
    </ClCompile>
    <ClCompile Include="MouseHandler.cpp">
      <Filter>Source Files\Application</Filter>
    </ClCompile>
    <ClCompile Include="CoreUI.cpp">
      <Filter>Source Files\UI</Filter>
    </ClCompile>
    <ClCompile Include="CoreLayouts.cpp">
      <Filter>Source Files\UI</Filter>
    </ClCompile>
    <ClCompile Include="UIElement.cpp">
      <Filter>Source Files\UI</Filter>
    </ClCompile>
    <ClCompile Include="InputDefinitions.cpp">
      <Filter>Source Files\Application</Filter>
    </ClCompile>
    <ClCompile Include="BorderedElement.cpp">
      <Filter>Source Files\UI\Decorators</Filter>
    </ClCompile>
    <ClCompile Include="DraggableElement.cpp">
      <Filter>Source Files\UI\Decorators</Filter>
    </ClCompile>
    <ClCompile Include="BackgroundedElement.cpp">
      <Filter>Source Files\UI\Decorators</Filter>
    </ClCompile>
    <ClCompile Include="GameHelpers.cpp">
      <Filter>Source Files\Game</Filter>
    </ClCompile>
    <ClCompile Include="ResizeableElement.cpp">
      <Filter>Source Files\UI\Decorators</Filter>
    </ClCompile>
    <ClCompile Include="UISubsystem.cpp">
      <Filter>Source Files\UI\Decorators</Filter>
    </ClCompile>
    <ClCompile Include="Text.cpp">
      <Filter>Source Files\Graphics</Filter>
    </ClCompile>
    <ClCompile Include="Texture.cpp">
      <Filter>Source Files\Graphics</Filter>
    </ClCompile>
    <ClCompile Include="TextureManager.cpp">
      <Filter>Source Files\Graphics</Filter>
    </ClCompile>
    <ClCompile Include="Dialog.cpp">
      <Filter>Source Files\UI</Filter>
    </ClCompile>
    <ClCompile Include="Tool.cpp">
      <Filter>Source Files\Application</Filter>
    </ClCompile>
    <ClCompile Include="PartitionManager.cpp">
      <Filter>Source Files\Game\Managers</Filter>
    </ClCompile>
    <ClCompile Include="KeyHandler.cpp">
      <Filter>Source Files\Application</Filter>
    </ClCompile>
    <ClCompile Include="MatrixManager.cpp">
      <Filter>Source Files\Game\Managers</Filter>
    </ClCompile>
    <ClCompile Include="Skeletal.cpp">
      <Filter>Source Files\Game</Filter>
    </ClCompile>
  </ItemGroup>
  <ItemGroup>
    <None Include="..\arq\assets\shaders\color.frag">
      <Filter>Resource Files</Filter>
    </None>
    <None Include="..\arq\assets\shaders\color.vert">
      <Filter>Resource Files</Filter>
    </None>
    <None Include="..\arq\assets\shaders\texture.frag">
      <Filter>Resource Files</Filter>
    </None>
    <None Include="..\arq\assets\shaders\texture.vert">
      <Filter>Resource Files</Filter>
    </None>
  </ItemGroup>
</Project>